{
  "lockfileVersion": 1,
  "workspaces": {
    "": {
      "name": "ergo-meta",
    },
    "packages/checker": {
      "name": "checker",
      "dependencies": {
        "@fleet-sdk/common": "^0.8.0",
        "@fleet-sdk/crypto": "^0.8.2",
        "cborg": "^4.2.10",
        "picocolors": "^1.1.1",
        "prettier": "^3.5.2",
        "saxes": "^6.0.0",
        "zod": "^3.24.2",
        "zod-to-json-schema": "^3.24.3",
      },
      "devDependencies": {
        "bun-types": "latest",
        "typescript": "^5.7.3",
      },
    },
  },
  "packages": {
    "@fleet-sdk/common": ["@fleet-sdk/common@0.8.3", "", {}, "sha512-KyC+NjtIJC4BY+jtCP057QVFXY0cgQg9lM5v8ZWAPbYUHeCTWu6MXsgmhiBS+8uKhyH5D37JXlRdhnQ4/yAPUA=="],

    "@fleet-sdk/crypto": ["@fleet-sdk/crypto@0.8.3", "", { "dependencies": { "@fleet-sdk/common": "^0.8.3", "@noble/hashes": "^1.7.2", "@scure/base": "^1.2.4" } }, "sha512-6iWDKCbiFg+6yr6GiQeHpPEMukgthQCSwOvS93anJ8AOTbPsu9kUVetCwkz0LcPUPIKerTTfDIcLcif0bO9+Jg=="],

    "@noble/hashes": ["@noble/hashes@1.8.0", "", {}, "sha512-jCs9ldd7NwzpgXDIf6P3+NrHh9/sD6CQdxHyjQI+h/6rDNo88ypBxxz45UDuZHz9r3tNz7N/VInSVoVdtXEI4A=="],

    "@scure/base": ["@scure/base@1.2.4", "", {}, "sha512-5Yy9czTO47mqz+/J8GM6GIId4umdCk1wc1q8rKERQulIoc8VP9pzDcghv10Tl2E7R96ZUx/PhND3ESYUQX8NuQ=="],

    "@types/node": ["@types/node@22.13.10", "", { "dependencies": { "undici-types": "~6.20.0" } }, "sha512-I6LPUvlRH+O6VRUqYOcMudhaIdUVWfsjnZavnsraHvpBwaEyMN29ry+0UVJhImYL16xsscu0aske3yA+uPOWfw=="],

    "bun-types": ["bun-types@1.2.10", "", { "dependencies": { "@types/node": "*" } }, "sha512-b5ITZMnVdf3m1gMvJHG+gIfeJHiQPJak0f7925Hxu6ZN5VKA8AGy4GZ4lM+Xkn6jtWxg5S3ldWvfmXdvnkp3GQ=="],

    "cborg": ["cborg@4.2.10", "", { "bin": { "cborg": "lib/bin.js" } }, "sha512-ZVA0xrVn8uBfDJYgfKKZzB/93z/Uiz7YtRdBPsZi/gyHNyqFdHMLHURVEk9dejOHepaX0zhcMyNva2/vF972SA=="],

    "checker": ["checker@workspace:packages/checker"],

    "picocolors": ["picocolors@1.1.1", "", {}, "sha512-xceH2snhtb5M9liqDsmEw56le376mTZkEX/jEb/RxNFyegNul7eNslCXP9FDj/Lcu0X8KEyMceP2ntpaHrDEVA=="],

    "prettier": ["prettier@3.5.3", "", { "bin": { "prettier": "bin/prettier.cjs" } }, "sha512-QQtaxnoDJeAkDvDKWCLiwIXkTgRhwYDEQCghU9Z6q03iyek/rxRh/2lC3HB7P8sWT2xC/y5JDctPLBIGzHKbhw=="],

    "saxes": ["saxes@6.0.0", "", { "dependencies": { "xmlchars": "^2.2.0" } }, "sha512-xAg7SOnEhrm5zI3puOOKyy1OMcMlIJZYNJY7xLBwSze0UjhPLnWfj2GF2EpT0jmzaJKIWKHLsaSSajf35bcYnA=="],

    "typescript": ["typescript@5.8.3", "", { "bin": { "tsc": "bin/tsc", "tsserver": "bin/tsserver" } }, "sha512-p1diW6TqL9L07nNxvRMM7hMMw4c5XOo/1ibL4aAIGmSAt9slTE1Xgw5KWuof2uTOvCg9BY7ZRi+GaF+7sfgPeQ=="],

    "undici-types": ["undici-types@6.20.0", "", {}, "sha512-Ny6QZ2Nju20vw1SRHe3d9jVu6gJ+4e3+MMpqu7pqE5HT6WsTSlce++GQmK5UXS8mzV8DSYHrQH+Xrf2jVcuKNg=="],

    "xmlchars": ["xmlchars@2.2.0", "", {}, "sha512-JZnDKK8B0RCDw84FNdDAIpZK+JuJw+s7Lz8nksI7SIuU3UXJJslUthsi+uWBUYOwPFwW7W7PRLRfUKpxjtjFCw=="],

    "zod": ["zod@3.24.3", "", {}, "sha512-HhY1oqzWCQWuUqvBFnsyrtZRhyPeR7SUGv+C4+MsisMuVfSPx8HpwWqH8tRahSlt6M3PiFAcoeFhZAqIXTxoSg=="],

    "zod-to-json-schema": ["zod-to-json-schema@3.24.5", "", { "peerDependencies": { "zod": "^3.24.1" } }, "sha512-/AuWwMP+YqiPbsJx5D6TfgRTc4kTLjsh5SOcd4bLsfUg2RcEXrFMJl1DGgdHy2aCfsIA/cr/1JM0xcB2GZji8g=="],
  }
}
