{
  "version": "2",
  "remote": {
    "https://deno.land/std@0.194.0/_util/asserts.ts": "178dfc49a464aee693a7e285567b3d0b555dc805ff490505a8aae34f9cfb1462",
    "https://deno.land/std@0.194.0/_util/os.ts": "d932f56d41e4f6a6093d56044e29ce637f8dcc43c5a90af43504a889cf1775e3",
    "https://deno.land/std@0.194.0/fmt/colors.ts": "d67e3cd9f472535241a8e410d33423980bec45047e343577554d3356e1f0ef4e",
    "https://deno.land/std@0.194.0/path/_constants.ts": "e49961f6f4f48039c0dfed3c3f93e963ca3d92791c9d478ac5b43183413136e0",
    "https://deno.land/std@0.194.0/path/_interface.ts": "6471159dfbbc357e03882c2266d21ef9afdb1e4aa771b0545e90db58a0ba314b",
    "https://deno.land/std@0.194.0/path/_util.ts": "d7abb1e0dea065f427b89156e28cdeb32b045870acdf865833ba808a73b576d0",
    "https://deno.land/std@0.194.0/path/common.ts": "ee7505ab01fd22de3963b64e46cff31f40de34f9f8de1fff6a1bd2fe79380000",
    "https://deno.land/std@0.194.0/path/glob.ts": "d479e0a695621c94d3fd7fe7abd4f9499caf32a8de13f25073451c6ef420a4e1",
    "https://deno.land/std@0.194.0/path/mod.ts": "f065032a7189404fdac3ad1a1551a9ac84751d2f25c431e101787846c86c79ef",
    "https://deno.land/std@0.194.0/path/posix.ts": "8b7c67ac338714b30c816079303d0285dd24af6b284f7ad63da5b27372a2c94d",
    "https://deno.land/std@0.194.0/path/separator.ts": "0fb679739d0d1d7bf45b68dacfb4ec7563597a902edbaf3c59b50d5bcadd93b1",
    "https://deno.land/std@0.194.0/path/win32.ts": "d186344e5583bcbf8b18af416d13d82b35a317116e6460a5a3953508c3de5bba",
    "https://deno.land/x/deno_dom@v0.1.38/build/deno-wasm/deno-wasm.js": "98b1ad24a1c13284557917659402202e5c5258ab1431b3f3a82434ad36ffa05a",
    "https://deno.land/x/deno_dom@v0.1.38/deno-dom-wasm.ts": "bfd999a493a6974e9fca4d331bee03bfb68cfc600c662cd0b48b21d67a2a8ba0",
    "https://deno.land/x/deno_dom@v0.1.38/src/api.ts": "0ff5790f0a3eeecb4e00b7d8fbfa319b165962cf6d0182a65ba90f158d74f7d7",
    "https://deno.land/x/deno_dom@v0.1.38/src/constructor-lock.ts": "59714df7e0571ec7bd338903b1f396202771a6d4d7f55a452936bd0de9deb186",
    "https://deno.land/x/deno_dom@v0.1.38/src/deserialize.ts": "f4d34514ca00473ca428b69ad437ba345925744b5d791cb9552e2d7a0e7b0439",
    "https://deno.land/x/deno_dom@v0.1.38/src/dom/document-fragment.ts": "a40c6e18dd0efcf749a31552c1c9a6f7fa614452245e86ee38fc92ba0235e5ae",
    "https://deno.land/x/deno_dom@v0.1.38/src/dom/document.ts": "b8f4e4ccabaaa063d6562a0f2f8dea9c0419515d63d8bd79bfde95f7cd64bd93",
    "https://deno.land/x/deno_dom@v0.1.38/src/dom/dom-parser.ts": "609097b426f8c2358f3e5d2bca55ed026cf26cdf86562e94130dfdb0f2537f92",
    "https://deno.land/x/deno_dom@v0.1.38/src/dom/element.ts": "77c454e228dfeb5c570da5aa61d91850400116bfa0f5a85505acdd3c667171a4",
    "https://deno.land/x/deno_dom@v0.1.38/src/dom/elements/html-template-element.ts": "127bb291bb08afeb7e9a66294a5aa6ff2780f4eb4601fa6f7869fe8b70a81472",
    "https://deno.land/x/deno_dom@v0.1.38/src/dom/html-collection.ts": "ae90197f5270c32074926ad6cf30ee07d274d44596c7e413c354880cebce8565",
    "https://deno.land/x/deno_dom@v0.1.38/src/dom/node-list.ts": "4c6e4b4585301d4147addaccd90cb5f5a80e8d6290a1ba7058c5e3dfea16e15d",
    "https://deno.land/x/deno_dom@v0.1.38/src/dom/node.ts": "3069e6fc93ac4111a136ed68199d76673339842b9751610ba06f111ba7dc10a7",
    "https://deno.land/x/deno_dom@v0.1.38/src/dom/selectors/custom-api.ts": "852696bd58e534bc41bd3be9e2250b60b67cd95fd28ed16b1deff1d548531a71",
    "https://deno.land/x/deno_dom@v0.1.38/src/dom/selectors/nwsapi-types.ts": "c43b36c36acc5d32caabaa54fda8c9d239b2b0fcbce9a28efb93c84aa1021698",
    "https://deno.land/x/deno_dom@v0.1.38/src/dom/selectors/nwsapi.js": "985d7d8fc1eabbb88946b47a1c44c1b2d4aa79ff23c21424219f1528fa27a2ff",
    "https://deno.land/x/deno_dom@v0.1.38/src/dom/selectors/selectors.ts": "83eab57be2290fb48e3130533448c93c6c61239f2a2f3b85f1917f80ca0fdc75",
    "https://deno.land/x/deno_dom@v0.1.38/src/dom/selectors/sizzle-types.ts": "78149e2502409989ce861ed636b813b059e16bc267bb543e7c2b26ef43e4798b",
    "https://deno.land/x/deno_dom@v0.1.38/src/dom/selectors/sizzle.js": "c3aed60c1045a106d8e546ac2f85cc82e65f62d9af2f8f515210b9212286682a",
    "https://deno.land/x/deno_dom@v0.1.38/src/dom/utils-types.ts": "96db30e3e4a75b194201bb9fa30988215da7f91b380fca6a5143e51ece2a8436",
    "https://deno.land/x/deno_dom@v0.1.38/src/dom/utils.ts": "55f3e9dc71d6c4a54605888d3f99d26fb0cf9973924709f159252a6933ceeabe",
    "https://deno.land/x/deno_dom@v0.1.38/src/parser.ts": "b65eb7e673fa7ca611de871de109655f0aa9fa35ddc1de73df1a5fc2baafc332",
    "https://deno.land/x/zod@v3.21.4/ZodError.ts": "4de18ff525e75a0315f2c12066b77b5c2ae18c7c15ef7df7e165d63536fdf2ea",
    "https://deno.land/x/zod@v3.21.4/errors.ts": "5285922d2be9700cc0c70c95e4858952b07ae193aa0224be3cbd5cd5567eabef",
    "https://deno.land/x/zod@v3.21.4/external.ts": "a6cfbd61e9e097d5f42f8a7ed6f92f93f51ff927d29c9fbaec04f03cbce130fe",
    "https://deno.land/x/zod@v3.21.4/helpers/enumUtil.ts": "54efc393cc9860e687d8b81ff52e980def00fa67377ad0bf8b3104f8a5bf698c",
    "https://deno.land/x/zod@v3.21.4/helpers/errorUtil.ts": "7a77328240be7b847af6de9189963bd9f79cab32bbc61502a9db4fe6683e2ea7",
    "https://deno.land/x/zod@v3.21.4/helpers/parseUtil.ts": "51a76c126ee212be86013d53a9d07f87e9ae04bb1496f2558e61b62cb74a6aa8",
    "https://deno.land/x/zod@v3.21.4/helpers/partialUtil.ts": "998c2fe79795257d4d1cf10361e74492f3b7d852f61057c7c08ac0a46488b7e7",
    "https://deno.land/x/zod@v3.21.4/helpers/typeAliases.ts": "0fda31a063c6736fc3cf9090dd94865c811dfff4f3cb8707b932bf937c6f2c3e",
    "https://deno.land/x/zod@v3.21.4/helpers/util.ts": "8baf19b19b2fca8424380367b90364b32503b6b71780269a6e3e67700bb02774",
    "https://deno.land/x/zod@v3.21.4/index.ts": "d27aabd973613985574bc31f39e45cb5d856aa122ef094a9f38a463b8ef1a268",
    "https://deno.land/x/zod@v3.21.4/locales/en.ts": "a7a25cd23563ccb5e0eed214d9b31846305ddbcdb9c5c8f508b108943366ab4c",
    "https://deno.land/x/zod@v3.21.4/mod.ts": "64e55237cb4410e17d968cd08975566059f27638ebb0b86048031b987ba251c4",
    "https://deno.land/x/zod@v3.21.4/types.ts": "b5d061babea250de14fc63764df5b3afa24f2b088a1d797fc060ba49a0ddff28",
    "https://esm.sh/@scure/base@1.1.1": "822726a933628fd0fdfeac77e41e94e5a7e2f09c19fcad17336072e17af1cf53",
    "https://esm.sh/cheerio@0.22.0": "9e3871f5c1299a9a754e208b4148b7a134276fd094eed7fda66054b1bd742940",
    "https://esm.sh/cheerio@1.0.0-rc.12": "305a4b7ef032739eca5c2ceb3eb38922d466bc4b7e0aee7adb73c1c0e3db29ae",
    "https://esm.sh/fast-xml-parser@4.2.6": "b83918567a4a2fc7be5c27cf55a95d55713e234c0cd8325509bf7e529b5f4dbb",
    "https://esm.sh/htmlparser2@9.0.0": "1abe241a8af97ac9ed38c08a6dc3d2a406d63da5969f03166887d3a4897bfc95",
    "https://esm.sh/picocolors@1.0.0": "b1ba076d8a0cd73b984d66c9bc5ee1351a41e876fe9a573d3f64eccf6c4c75b5",
    "https://esm.sh/picocolors@1.0.0;": "b1ba076d8a0cd73b984d66c9bc5ee1351a41e876fe9a573d3f64eccf6c4c75b5",
    "https://esm.sh/saxes@6.0.0": "0abae52f7e69d50551f60c269e4c1693f5c0771c4f7d718be01575498fd17fcb",
    "https://esm.sh/v128/@scure/base@1.1.1/denonext/base.mjs": "8f9cb853c4f6a4367c2f5bfb921d54b4ed61e41829944435e5878781b54d94a9",
    "https://esm.sh/v128/boolbase@1.0.0/denonext/boolbase.mjs": "4e3bd67e9b1c5c55094eae98345d0107c6a44ef57bd3d4b9579698fa44722280",
    "https://esm.sh/v128/cheerio-select@2.1.0/denonext/cheerio-select.mjs": "514433cb508e1eeaf9339554d435455b987073f3b3e2ae5afc71ac82f8c771f1",
    "https://esm.sh/v128/cheerio@0.22.0/denonext/cheerio.mjs": "16c41bf0e639e95fb7a98ef1aba07d3f2e2362563f6e9db1bc88aaa7201c4dc3",
    "https://esm.sh/v128/cheerio@1.0.0-rc.12/denonext/cheerio.mjs": "0b2d59cfa6192e25deb8abed2fb42b4fc8b83fc45f6e3a059da6aae33a4d4eb7",
    "https://esm.sh/v128/cheerio@1.0.0-rc.12/denonext/lib/utils.js": "9749ecddf4a09a585861f8ddc6aa61df52654c65fedff4e20e4eb9664fac0f92",
    "https://esm.sh/v128/css-select@1.2.0/denonext/css-select.mjs": "2970fcc99194d80b42c9ffcd6dcc56180cf71b65407c3df82a88c3cc59f071f8",
    "https://esm.sh/v128/css-select@5.1.0/denonext/css-select.mjs": "f9cde3e1fffe05f802048f4eab925c68c06e38cda8f07134cf0ac02533cbd83e",
    "https://esm.sh/v128/css-what@2.1.3/denonext/css-what.mjs": "eb76146bf34df18d60ac5381f8ba832ec4cf6c0588def4ed7721cdadf586fe6d",
    "https://esm.sh/v128/css-what@6.1.0/denonext/css-what.mjs": "283d02df6fef73d3223b55324b559b363dd0e4c008ea1efbcf9f14b8f2642202",
    "https://esm.sh/v128/dom-serializer@0.1.1/denonext/dom-serializer.mjs": "2c4d11785c0488d0f8a2b07e9a9aea0956b1b12f49d4fe0912f0156e10c72244",
    "https://esm.sh/v128/dom-serializer@0.2.2/denonext/dom-serializer.mjs": "bcf22e26a4a04553979fc2535810791db331f0c7dc90d02c7b489e80f12b3222",
    "https://esm.sh/v128/dom-serializer@2.0.0/denonext/dom-serializer.mjs": "a0a5f0668f2f02488cb774b4721e7499c71a6168158d0204542011e028c62ee1",
    "https://esm.sh/v128/domelementtype@1.3.1/denonext/domelementtype.mjs": "ed1cfafa3facb36a845053ab521e9665824ad6bd941b5c8b278d62cd9570cd60",
    "https://esm.sh/v128/domelementtype@2.3.0/denonext/domelementtype.mjs": "371936c356d5ac797f2ce3a66b98dfc73e6fff0e095b2858b85668e6ad7d10e0",
    "https://esm.sh/v128/domhandler@2.4.2/denonext/domhandler.mjs": "b50f5f2e1e183069577045b508589052ba36fb3c001004e91d71aee184b4186c",
    "https://esm.sh/v128/domhandler@5.0.3/denonext/domhandler.mjs": "68268d4ddeb3aa213d41ab251322d7a6e860e8a80ac29c0bcd0ba21347cb782a",
    "https://esm.sh/v128/domutils@1.5.1/denonext/domutils.mjs": "fc51370c48edfa725986604be621582aafb9a28942407860fd186dcce474ef06",
    "https://esm.sh/v128/domutils@1.7.0/denonext/domutils.mjs": "74eb3d15eac7b158f8e6ad859200d490b1acb8f5c7b8701eddb984c70dcd68c0",
    "https://esm.sh/v128/domutils@3.1.0/denonext/domutils.mjs": "5211b8ea931e7294470f14e5927882cce16ce29d545ff5ae206265a440dca2f3",
    "https://esm.sh/v128/entities@1.1.2/denonext/entities.mjs": "3588a0bbec8415ed2761b2c3691d68098fa47e459512714cf2573eb0342e931f",
    "https://esm.sh/v128/entities@1.1.2/denonext/lib/decode_codepoint.js": "75c3a26050cf743e44f90150bc0f55a6a42c40da608819ed0841c6da84362b8c",
    "https://esm.sh/v128/entities@2.2.0/denonext/entities.mjs": "af15975e7c8b5f17be658d1db80f9de7c076cb9cd53c4dcfc9dd60d460266d62",
    "https://esm.sh/v128/entities@4.5.0/denonext/entities.mjs": "1b6ddb012192f0330d697ea1c9dc97277375849ef91afcfa620830c538a04f1a",
    "https://esm.sh/v128/entities@4.5.0/denonext/lib/decode.js": "7fea6d8bd725edbbf7ea05031d2ea1bbbc1166dc11e3345d541198dd2dc16f1e",
    "https://esm.sh/v128/entities@4.5.0/denonext/lib/escape.js": "7ebdc622bf3618bab25db40da4a49e2b9d03f044745f125f0bc3359f2d060def",
    "https://esm.sh/v128/fast-xml-parser@4.2.6/denonext/fast-xml-parser.mjs": "445bd29b272ecc365e69190207e5e1d827bef9f25430f25017f8177753f85d30",
    "https://esm.sh/v128/htmlparser2@3.10.1/denonext/htmlparser2.mjs": "0193fbaca48d64dd23b5b678f2f1045a2c825309c21ed7a330f18954b0c3cd1b",
    "https://esm.sh/v128/htmlparser2@8.0.2/denonext/htmlparser2.mjs": "7ca40cebe8898e1314e4151c2c4fd8ce3bf14b093ba36ec2ba942977746464e0",
    "https://esm.sh/v128/htmlparser2@9.0.0/denonext/htmlparser2.mjs": "235a6782db506bb50e16ff8090cb9935f4e6d2d1f4c001ee1a98ce306e196045",
    "https://esm.sh/v128/inherits@2.0.4/denonext/inherits.mjs": "8095f3d6aea060c904fb24ae50f2882779c0acbe5d56814514c8b5153f3b4b3b",
    "https://esm.sh/v128/lodash.assignin@4.2.0/denonext/lodash.assignin.mjs": "78d10f8ef92dab1592daa371a0040ebbde2f2642f6012f4012472e1501970dc7",
    "https://esm.sh/v128/lodash.bind@4.2.1/denonext/lodash.bind.mjs": "5acbe2ac5517c4f6584e398a2ff9d97fe7e82d5eaeba838a31d5c93206cbf1d6",
    "https://esm.sh/v128/lodash.defaults@4.2.0/denonext/lodash.defaults.mjs": "5905919ec72ebaa4b1893a7169f3a080ac96fbe72e05675934d58f698810c29d",
    "https://esm.sh/v128/lodash.filter@4.6.0/denonext/lodash.filter.mjs": "6084e5d9c3978ad18108f031e04c50a9f5b17188285002443662171333572817",
    "https://esm.sh/v128/lodash.flatten@4.4.0/denonext/lodash.flatten.mjs": "8e86ab607deea15cc3c1acfb5eae278ecbc5b80f24167b4e8f4c56df3278cd55",
    "https://esm.sh/v128/lodash.foreach@4.5.0/denonext/lodash.foreach.mjs": "8a59a35add06456ae6a4b88ecac5bf7e60ae503256e6124350204fa1965e6076",
    "https://esm.sh/v128/lodash.map@4.6.0/denonext/lodash.map.mjs": "bcaf805eb5a2dc1a992b24620fb3f8a0f5f0c89236b456d28f7b8c89fafeb8be",
    "https://esm.sh/v128/lodash.merge@4.6.2/denonext/lodash.merge.mjs": "d960a7d88ca40ddf12693a1838c9a045e196d8d448a0a3246929c4fefe9ccb78",
    "https://esm.sh/v128/lodash.pick@4.4.0/denonext/lodash.pick.mjs": "dd7aa25d73cc4c50d25c7889871b8b78b8a7017c6efd10e41d08aa9dccc6b550",
    "https://esm.sh/v128/lodash.reduce@4.6.0/denonext/lodash.reduce.mjs": "8e07309b95518706a8d4f82c1d03ae0685b71fe7340fa7322f6bf6359ef1b83a",
    "https://esm.sh/v128/lodash.reject@4.6.0/denonext/lodash.reject.mjs": "6e5d62fd3f66fd4cf4f0a9be1698bf58e3c0baa90189862a6115bc56dbfc6650",
    "https://esm.sh/v128/lodash.some@4.6.0/denonext/lodash.some.mjs": "0b35a30ddf37d343c568eedc43c0c46a6041889cbd7f7b59eb250634bec8da1f",
    "https://esm.sh/v128/nth-check@1.0.2/denonext/nth-check.mjs": "12d63be0ba2908143f25e2d6d8a5a1a1c1ec527dcc0b71c60ab9367ba27c4d1f",
    "https://esm.sh/v128/nth-check@2.1.1/denonext/nth-check.mjs": "bd11629b6d575b7a13870ad07fbe9ca6a7e01b43fb1672ec15e57da05b1297a0",
    "https://esm.sh/v128/parse5-htmlparser2-tree-adapter@7.0.0/denonext/parse5-htmlparser2-tree-adapter.mjs": "0749c7911d2d882184cd8129daa19664e46cbed2d7d1793e9d7f6eb641e39096",
    "https://esm.sh/v128/parse5@7.1.2/denonext/parse5.mjs": "9885dc571f470bdb484d8f0e1dbab42af18f406200ed5bcf7ebb9c183faa32ae",
    "https://esm.sh/v128/picocolors@1.0.0/denonext/picocolors.mjs": "5d53d745955947dce84f82222cfd00fd021239fcbe9336c6bbfe34ed2f40886c",
    "https://esm.sh/v128/readable-stream@3.6.2/denonext/readable-stream.mjs": "9a020ee65219430a1e18c0224a87571566999ac31e5d239aab8ce452eb7a54da",
    "https://esm.sh/v128/saxes@6.0.0/denonext/saxes.mjs": "51f5349277fb67f314089490b16b9732fc85e85eae0c2ae6c5efcb965a57260f",
    "https://esm.sh/v128/strnum@1.0.5/denonext/strnum.mjs": "1ffef4adec2f74139e36a2bfed8381880541396fe1c315779fb22e081b17468b",
    "https://esm.sh/v128/util-deprecate@1.0.2/denonext/util-deprecate.mjs": "f69f67cf655c38428b0934e0f7c865c055834a87cc3866b629d6b2beb21005e9",
    "https://esm.sh/v128/xmlchars@2.2.0/denonext/xml/1.0/ed5.js": "60f8f018eb1d79d69a41324155b7d9f52f1058b37060b28acc1dfc49446e549d",
    "https://esm.sh/v128/xmlchars@2.2.0/denonext/xml/1.1/ed2.js": "ba7d1fe5694f62469c4b293a1fadad332c637cbcfbc74147a296475c2ff8ad3d",
    "https://esm.sh/v128/xmlchars@2.2.0/denonext/xmlns/1.0/ed3.js": "929d15ffc72d56c8909f87e7df8288f060bda0256622e8e95c24f0decb06adc7"
  }
}
